
Microsoft Visual Studio Solution File, Format Version 12.00
Project("{FAE04EC0-301F-11D3-BF4B-00C04F79EFBC}") = "Chess", "Chess\Chess.csproj", "{5F149AAB-3BC5-4FBC-921E-7F02D17864B1}"
EndProject
Project("{FAE04EC0-301F-11D3-BF4B-00C04F79EFBC}") = "ChessTests", "ChessTests\ChessTests.csproj", "{682E0396-5D4D-42C6-B4AA-C0A825D55EC0}"
EndProject
Global
	GlobalSection(SolutionConfigurationPlatforms) = preSolution
		Debug|Any CPU = Debug|Any CPU
		Release|Any CPU = Release|Any CPU
	EndGlobalSection
	GlobalSection(ProjectConfigurationPlatforms) = postSolution
		{5F149AAB-3BC5-4FBC-921E-7F02D17864B1}.Debug|Any CPU.ActiveCfg = Debug|Any CPU
		{5F149AAB-3BC5-4FBC-921E-7F02D17864B1}.Debug|Any CPU.Build.0 = Debug|Any CPU
		{5F149AAB-3BC5-4FBC-921E-7F02D17864B1}.Release|Any CPU.ActiveCfg = Release|Any CPU
		{5F149AAB-3BC5-4FBC-921E-7F02D17864B1}.Release|Any CPU.Build.0 = Release|Any CPU
		{682E0396-5D4D-42C6-B4AA-C0A825D55EC0}.Debug|Any CPU.ActiveCfg = Debug|Any CPU
		{682E0396-5D4D-42C6-B4AA-C0A825D55EC0}.Debug|Any CPU.Build.0 = Debug|Any CPU
		{682E0396-5D4D-42C6-B4AA-C0A825D55EC0}.Release|Any CPU.ActiveCfg = Release|Any CPU
		{682E0396-5D4D-42C6-B4AA-C0A825D55EC0}.Release|Any CPU.Build.0 = Release|Any CPU
	EndGlobalSection
EndGlobal
